# This file is automatically @generated by Poetry 1.8.3 and should not be changed by hand.

[[package]]
name = "async-timeout"
version = "5.0.1"
description = "Timeout context manager for asyncio programs"
optional = false
python-versions = ">=3.8"
files = [
    {file = "async_timeout-5.0.1-py3-none-any.whl", hash = "sha256:39e3809566ff85354557ec2398b55e096c8364bacac9405a7a1fa429e77fe76c"},
    {file = "async_timeout-5.0.1.tar.gz", hash = "sha256:d9321a7a3d5a6a5e187e824d2fa0793ce379a202935782d555d6e9d2735677d3"},
]

[[package]]
name = "colorama"
version = "0.4.6"
description = "Cross-platform colored terminal text."
optional = false
python-versions = "!=3.0.*,!=3.1.*,!=3.2.*,!=3.3.*,!=3.4.*,!=3.5.*,!=3.6.*,>=2.7"
files = [
    {file = "colorama-0.4.6-py2.py3-none-any.whl", hash = "sha256:4f1d9991f5acc0ca119f9d443620b77f9d6b33703e51011c16baf57afb285fc6"},
    {file = "colorama-0.4.6.tar.gz", hash = "sha256:08695f5cb7ed6e0531a20572697297273c47b8cae5a63ffc6d6ed5c201be6e44"},
]

[[package]]
name = "confluent-kafka"
version = "2.10.0"
description = "Confluent's Python client for Apache Kafka"
optional = false
python-versions = ">=3.7"
files = [
    {file = "confluent_kafka-2.10.0-cp310-cp310-macosx_10_9_x86_64.whl", hash = "sha256:635c62a51ec31ff82864043120dbc7c61eb62abf4e0682cc6ee8526e9b04e16d"},
    {file = "confluent_kafka-2.10.0-cp310-cp310-macosx_11_0_arm64.whl", hash = "sha256:32f5ea8ecee98d1c1afd523115cbdb719a6f87b852c19b8898fa76db95ec5f4a"},
    {file = "confluent_kafka-2.10.0-cp310-cp310-manylinux_2_28_aarch64.whl", hash = "sha256:46734d24b0e0c8fd84b05174a7338a71eb3a7d34a494e4c458838f89c537508f"},
    {file = "confluent_kafka-2.10.0-cp310-cp310-manylinux_2_28_x86_64.whl", hash = "sha256:413d7a3d4caca6b2c28dbe86595ef17af83d679edea403bcb75fd5af3bd5afa7"},
    {file = "confluent_kafka-2.10.0-cp310-cp310-win_amd64.whl", hash = "sha256:7eead1134e3aae9380bf5c923d93e25052cfca5b6a55bf99d11ebadf3ec6f21e"},
    {file = "confluent_kafka-2.10.0-cp311-cp311-macosx_10_9_x86_64.whl", hash = "sha256:1448d6a5e8afd99c81221db2fd7cf33bd2079ce04df8ff5882b208911b0112a7"},
    {file = "confluent_kafka-2.10.0-cp311-cp311-macosx_11_0_arm64.whl", hash = "sha256:965743d6832d3947c29970eeeedcb3728dfe69b5296fd5578fdb18ce39792318"},
    {file = "confluent_kafka-2.10.0-cp311-cp311-manylinux_2_28_aarch64.whl", hash = "sha256:4e4d4350f66eb3c4cd987f603f08974e461ce732dc63741744e09e0b490a3b1d"},
    {file = "confluent_kafka-2.10.0-cp311-cp311-manylinux_2_28_x86_64.whl", hash = "sha256:7eae0c1e49fb42e5085555c4387102034c0fe3194e2572049769ef4c30f733cc"},
    {file = "confluent_kafka-2.10.0-cp311-cp311-win_amd64.whl", hash = "sha256:82800e5cf27e21a7bbccb5aa6f2d9114ab253364526b08b0b97614369bf95612"},
    {file = "confluent_kafka-2.10.0-cp312-cp312-macosx_10_9_x86_64.whl", hash = "sha256:2268a607d374325e3a8fc779d8639de4344ce4d1ad2b88e8f9d13d97baae4e71"},
    {file = "confluent_kafka-2.10.0-cp312-cp312-macosx_11_0_arm64.whl", hash = "sha256:a89e9ba5c8e18891b3bbf333001a9e12af43bd5bc3c3353065109582f3f078fc"},
    {file = "confluent_kafka-2.10.0-cp312-cp312-manylinux_2_28_aarch64.whl", hash = "sha256:7252fee8d7287bae71f1a506967b3782e67ba5b699c4d095d16fabce92a63cfd"},
    {file = "confluent_kafka-2.10.0-cp312-cp312-manylinux_2_28_x86_64.whl", hash = "sha256:ddb9400786eedd8a6c0cbcceaddb8329a2597f4c02dc72389e83859da47d22d6"},
    {file = "confluent_kafka-2.10.0-cp312-cp312-win_amd64.whl", hash = "sha256:ef5aad8c04c54fe6ef89dc08a4ba24a80be90b05bbbc3348370c1c51222e0a5e"},
    {file = "confluent_kafka-2.10.0-cp313-cp313-macosx_13_0_arm64.whl", hash = "sha256:10230c3da4cd047cf488cef405f6e209da4e8403c0e52e45b89b1d878420082b"},
    {file = "confluent_kafka-2.10.0-cp313-cp313-macosx_13_0_x86_64.whl", hash = "sha256:514c4a4dcb522aacdc17fa3e2751ae8670553850c9e22844ac997ec6459b3a48"},
    {file = "confluent_kafka-2.10.0-cp313-cp313-manylinux_2_28_aarch64.whl", hash = "sha256:bf706b1ebb540276791b5c42ac624c93195c34782848b24b2da1467caeef479b"},
    {file = "confluent_kafka-2.10.0-cp313-cp313-manylinux_2_28_x86_64.whl", hash = "sha256:6b8b057d436d82c1b2d819915d03e2b446bfa55403acd440f9222509ba2147de"},
    {file = "confluent_kafka-2.10.0-cp313-cp313-win_amd64.whl", hash = "sha256:649ccde18b4f2ff509a16093a06ca13629e4f4b3146d4ef5a82805c869cf8cbd"},
    {file = "confluent_kafka-2.10.0-cp37-cp37m-macosx_10_9_x86_64.whl", hash = "sha256:9a80084018177238dbe0dd6562c46259e1883e2eaf9eef8945bf74f13fc69b5c"},
    {file = "confluent_kafka-2.10.0-cp37-cp37m-manylinux_2_28_aarch64.whl", hash = "sha256:bba76d0965b31e61c9d7a45831e8f801f089af98a781508b74daeac54268b883"},
    {file = "confluent_kafka-2.10.0-cp37-cp37m-manylinux_2_28_x86_64.whl", hash = "sha256:e7dd3a0607139ed3de4d3c511861ff8a84af0f04c47acb6c899f033540027c58"},
    {file = "confluent_kafka-2.10.0-cp37-cp37m-win_amd64.whl", hash = "sha256:13f49fe760ff33c43c852c3e09ef7a914efea9a8a7e553080e13d611cd3eedad"},
    {file = "confluent_kafka-2.10.0-cp38-cp38-macosx_10_9_x86_64.whl", hash = "sha256:5784cf3301470ce85a41b5dbcf1b7d4fe0ac31eee120f3c184b18ed79f32dc9f"},
    {file = "confluent_kafka-2.10.0-cp38-cp38-macosx_11_0_arm64.whl", hash = "sha256:30d40b0b43f0e15d830b610640eeb625ebd49cc792254fcdcd5ae7396d91004d"},
    {file = "confluent_kafka-2.10.0-cp38-cp38-manylinux_2_28_aarch64.whl", hash = "sha256:5a7a16592ce6c5fffdfec4f587ab887f478e68f70df14484184e4e8ec3a86c90"},
    {file = "confluent_kafka-2.10.0-cp38-cp38-manylinux_2_28_x86_64.whl", hash = "sha256:b81d70ba4fbb81350daccea9de7d99f190bb02bc4d0dfbb151ce9ddee501e245"},
    {file = "confluent_kafka-2.10.0-cp38-cp38-win_amd64.whl", hash = "sha256:0fb9ea56dc8d1773678f7ea3c1a1c0f59001502c8ff44df79142ab471915e81e"},
    {file = "confluent_kafka-2.10.0-cp39-cp39-macosx_10_9_x86_64.whl", hash = "sha256:3e1915c428c044a5764fdd79cd12e94c961d9e74863ae1440287141173bf3138"},
    {file = "confluent_kafka-2.10.0-cp39-cp39-macosx_11_0_arm64.whl", hash = "sha256:6b692f7e1af2c2085a342ffb0d1c2d0fd6664b3bff43a3c092c0c4d2c6c8f77b"},
    {file = "confluent_kafka-2.10.0-cp39-cp39-manylinux_2_28_aarch64.whl", hash = "sha256:d5e841e2e2a75fab254acf806449ce013d4e72470bf0aa7c96469fa9b3829693"},
    {file = "confluent_kafka-2.10.0-cp39-cp39-manylinux_2_28_x86_64.whl", hash = "sha256:735c560ecb076e33eb5e14741a1cd55023f0cbc156e4d09f8591dcf9e55efc0b"},
    {file = "confluent_kafka-2.10.0-cp39-cp39-win_amd64.whl", hash = "sha256:84c4e50aaf0a51402810bd82cc3b9601a17c866fb44a1aa310b7686009d06b56"},
    {file = "confluent_kafka-2.10.0.tar.gz", hash = "sha256:30a346908f3ad49c4bc1cb5557e7a8ce484190f8633aa18f9b87b2620809ac13"},
]

[package.extras]
all = ["attrs", "attrs", "authlib", "avro (>=1.11.1,<2)", "avro (>=1.11.1,<2)", "azure-identity", "azure-identity", "azure-keyvault-keys", "azure-keyvault-keys", "boto3", "boto3 (>=1.35)", "cachetools", "cachetools", "cel-python (>=0.1.5)", "cel-python (>=0.1.5)", "confluent-kafka", "fastapi", "fastavro (<1.8.0)", "fastavro (<1.8.0)", "fastavro (<2)", "fastavro (<2)", "flake8", "google-api-core", "google-api-core", "google-auth", "google-auth", "google-cloud-kms", "google-cloud-kms", "googleapis-common-protos", "googleapis-common-protos", "hkdf (==0.0.3)", "hkdf (==0.0.3)", "httpx", "httpx (>=0.26)", "hvac", "hvac", "jsonata-python", "jsonata-python", "jsonschema", "jsonschema", "opentelemetry-distro", "opentelemetry-exporter-otlp", "orjson", "protobuf", "protobuf", "psutil", "pydantic", "pyrsistent", "pyrsistent", "pytest", "pytest-timeout", "pytest_cov", "pyyaml (>=6.0.0)", "pyyaml (>=6.0.0)", "requests", "requests", "requests-mock", "respx", "six", "sphinx", "sphinx-rtd-theme", "tink", "tink", "urllib3 (<2)", "urllib3 (<3)", "uvicorn"]
avro = ["attrs", "authlib", "avro (>=1.11.1,<2)", "cachetools", "fastavro (<1.8.0)", "fastavro (<2)", "httpx (>=0.26)", "requests"]
dev = ["attrs", "attrs", "authlib", "avro (>=1.11.1,<2)", "avro (>=1.11.1,<2)", "azure-identity", "azure-identity", "azure-keyvault-keys", "azure-keyvault-keys", "boto3", "boto3 (>=1.35)", "cachetools", "cachetools", "cel-python (>=0.1.5)", "cel-python (>=0.1.5)", "confluent-kafka", "fastapi", "fastavro (<1.8.0)", "fastavro (<1.8.0)", "fastavro (<2)", "fastavro (<2)", "flake8", "google-api-core", "google-api-core", "google-auth", "google-auth", "google-cloud-kms", "google-cloud-kms", "googleapis-common-protos", "googleapis-common-protos", "hkdf (==0.0.3)", "hkdf (==0.0.3)", "httpx", "httpx (>=0.26)", "hvac", "hvac", "jsonata-python", "jsonata-python", "jsonschema", "jsonschema", "orjson", "protobuf", "protobuf", "pydantic", "pyrsistent", "pyrsistent", "pytest", "pytest-timeout", "pytest_cov", "pyyaml (>=6.0.0)", "pyyaml (>=6.0.0)", "requests", "requests", "requests-mock", "respx", "six", "sphinx", "sphinx-rtd-theme", "tink", "tink", "urllib3 (<2)", "urllib3 (<3)", "uvicorn"]
docs = ["attrs", "authlib", "avro (>=1.11.1,<2)", "azure-identity", "azure-keyvault-keys", "boto3 (>=1.35)", "cachetools", "cel-python (>=0.1.5)", "fastavro (<1.8.0)", "fastavro (<2)", "google-api-core", "google-auth", "google-cloud-kms", "googleapis-common-protos", "hkdf (==0.0.3)", "httpx (>=0.26)", "hvac", "jsonata-python", "jsonschema", "protobuf", "pyrsistent", "pyyaml (>=6.0.0)", "requests", "sphinx", "sphinx-rtd-theme", "tink"]
examples = ["attrs", "avro (>=1.11.1,<2)", "azure-identity", "azure-keyvault-keys", "boto3", "cachetools", "cel-python (>=0.1.5)", "confluent-kafka", "fastapi", "fastavro (<1.8.0)", "fastavro (<2)", "google-api-core", "google-auth", "google-cloud-kms", "googleapis-common-protos", "hkdf (==0.0.3)", "httpx", "hvac", "jsonata-python", "jsonschema", "protobuf", "pydantic", "pyrsistent", "pyyaml (>=6.0.0)", "requests", "six", "tink", "uvicorn"]
json = ["attrs", "authlib", "cachetools", "httpx (>=0.26)", "jsonschema", "pyrsistent"]
protobuf = ["attrs", "authlib", "cachetools", "googleapis-common-protos", "httpx (>=0.26)", "protobuf"]
rules = ["attrs", "authlib", "azure-identity", "azure-keyvault-keys", "boto3 (>=1.35)", "cachetools", "cel-python (>=0.1.5)", "google-api-core", "google-auth", "google-cloud-kms", "hkdf (==0.0.3)", "httpx (>=0.26)", "hvac", "jsonata-python", "pyyaml (>=6.0.0)", "tink"]
schema-registry = ["attrs", "authlib", "cachetools", "httpx (>=0.26)"]
schemaregistry = ["attrs", "authlib", "cachetools", "httpx (>=0.26)"]
soaktest = ["opentelemetry-distro", "opentelemetry-exporter-otlp", "psutil"]
tests = ["attrs", "authlib", "avro (>=1.11.1,<2)", "azure-identity", "azure-keyvault-keys", "boto3 (>=1.35)", "cachetools", "cel-python (>=0.1.5)", "fastavro (<1.8.0)", "fastavro (<2)", "flake8", "google-api-core", "google-auth", "google-cloud-kms", "googleapis-common-protos", "hkdf (==0.0.3)", "httpx (>=0.26)", "hvac", "jsonata-python", "jsonschema", "orjson", "protobuf", "pyrsistent", "pytest", "pytest-timeout", "pytest_cov", "pyyaml (>=6.0.0)", "requests", "requests-mock", "respx", "tink", "urllib3 (<2)", "urllib3 (<3)"]

[[package]]
name = "iniconfig"
version = "2.1.0"
description = "brain-dead simple config-ini parsing"
optional = false
python-versions = ">=3.8"
files = [
    {file = "iniconfig-2.1.0-py3-none-any.whl", hash = "sha256:9deba5723312380e77435581c6bf4935c94cbfab9b1ed33ef8d238ea168eb760"},
    {file = "iniconfig-2.1.0.tar.gz", hash = "sha256:3abbd2e30b36733fee78f9c7f7308f2d0050e88f0087fd25c2645f63c773e1c7"},
]

[[package]]
name = "packaging"
version = "25.0"
description = "Core utilities for Python packages"
optional = false
python-versions = ">=3.8"
files = [
    {file = "packaging-25.0-py3-none-any.whl", hash = "sha256:29572ef2b1f17581046b3a2227d5c611fb25ec70ca1ba8554b24b0e69331a484"},
    {file = "packaging-25.0.tar.gz", hash = "sha256:d443872c98d677bf60f6a1f2f8c1cb748e8fe762d2bf9d3148b5599295b0fc4f"},
]

[[package]]
name = "pluggy"
version = "1.6.0"
description = "plugin and hook calling mechanisms for python"
optional = false
python-versions = ">=3.9"
files = [
    {file = "pluggy-1.6.0-py3-none-any.whl", hash = "sha256:e920276dd6813095e9377c0bc5566d94c932c33b27a3e3945d8389c374dd4746"},
    {file = "pluggy-1.6.0.tar.gz", hash = "sha256:7dcc130b76258d33b90f61b658791dede3486c3e6bfb003ee5c9bfb396dd22f3"},
]

[package.extras]
dev = ["pre-commit", "tox"]
testing = ["coverage", "pytest", "pytest-benchmark"]

[[package]]
name = "pygments"
version = "2.19.1"
description = "Pygments is a syntax highlighting package written in Python."
optional = false
python-versions = ">=3.8"
files = [
    {file = "pygments-2.19.1-py3-none-any.whl", hash = "sha256:9ea1544ad55cecf4b8242fab6dd35a93bbce657034b0611ee383099054ab6d8c"},
    {file = "pygments-2.19.1.tar.gz", hash = "sha256:61c16d2a8576dc0649d9f39e089b5f02bcd27fba10d8fb4dcc28173f7a45151f"},
]

[package.extras]
windows-terminal = ["colorama (>=0.4.6)"]

[[package]]
name = "pyjwt"
version = "2.9.0"
description = "JSON Web Token implementation in Python"
optional = false
python-versions = ">=3.8"
files = [
    {file = "PyJWT-2.9.0-py3-none-any.whl", hash = "sha256:3b02fb0f44517787776cf48f2ae25d8e14f300e6d7545a4315cee571a415e850"},
    {file = "pyjwt-2.9.0.tar.gz", hash = "sha256:7e1e5b56cc735432a7369cbfa0efe50fa113ebecdc04ae6922deba8b84582d0c"},
]

[package.extras]
crypto = ["cryptography (>=3.4.0)"]
dev = ["coverage[toml] (==5.0.4)", "cryptography (>=3.4.0)", "pre-commit", "pytest (>=6.0.0,<7.0.0)", "sphinx", "sphinx-rtd-theme", "zope.interface"]
docs = ["sphinx", "sphinx-rtd-theme", "zope.interface"]
tests = ["coverage[toml] (==5.0.4)", "pytest (>=6.0.0,<7.0.0)"]

[[package]]
name = "pyrate-limiter"
version = "3.7.1"
description = "Python Rate-Limiter using Leaky-Bucket Algorithm"
optional = false
python-versions = "<4.0,>=3.8"
files = [
    {file = "pyrate_limiter-3.7.1-py3-none-any.whl", hash = "sha256:ecb7ca6ab94a509c72fed1ce4f710c1eb3c716ba7b4fb32c0f9edf39d4beb5f6"},
    {file = "pyrate_limiter-3.7.1.tar.gz", hash = "sha256:b268cc0b2c9f85175dbfe49ce765659a41db24d165da45395853602e5cf85819"},
]

[package.extras]
all = ["filelock (>=3.0)", "psycopg[pool] (>=3.1.18,<4.0.0)", "redis (>=5.0.0,<6.0.0)"]
docs = ["furo (>=2022.3.4,<2023.0.0)", "myst-parser (>=0.17)", "sphinx (>=4.3.0,<5.0.0)", "sphinx-autodoc-typehints (>=1.17,<2.0)", "sphinx-copybutton (>=0.5)", "sphinxcontrib-apidoc (>=0.3,<0.4)"]

[[package]]
name = "pytest"
version = "8.4.0"
description = "pytest: simple powerful testing with Python"
optional = false
python-versions = ">=3.9"
files = [
    {file = "pytest-8.4.0-py3-none-any.whl", hash = "sha256:f40f825768ad76c0977cbacdf1fd37c6f7a468e460ea6a0636078f8972d4517e"},
    {file = "pytest-8.4.0.tar.gz", hash = "sha256:14d920b48472ea0dbf68e45b96cd1ffda4705f33307dcc86c676c1b5104838a6"},
]

[package.dependencies]
colorama = {version = ">=0.4", markers = "sys_platform == \"win32\""}
iniconfig = ">=1"
packaging = ">=20"
pluggy = ">=1.5,<2"
pygments = ">=2.7.2"

[package.extras]
dev = ["argcomplete", "attrs (>=19.2)", "hypothesis (>=3.56)", "mock", "requests", "setuptools", "xmlschema"]

[[package]]
name = "redis"
version = "5.3.0"
description = "Python client for Redis database and key-value store"
optional = false
python-versions = ">=3.8"
files = [
    {file = "redis-5.3.0-py3-none-any.whl", hash = "sha256:f1deeca1ea2ef25c1e4e46b07f4ea1275140526b1feea4c6459c0ec27a10ef83"},
    {file = "redis-5.3.0.tar.gz", hash = "sha256:8d69d2dde11a12dc85d0dbf5c45577a5af048e2456f7077d87ad35c1c81c310e"},
]

[package.dependencies]
async-timeout = {version = ">=4.0.3", markers = "python_full_version < \"3.11.3\""}
PyJWT = ">=2.9.0,<2.10.0"

[package.extras]
hiredis = ["hiredis (>=3.0.0)"]
ocsp = ["cryptography (>=36.0.1)", "pyopenssl (==23.2.1)", "requests (>=2.31.0)"]

[[package]]
name = "sortedcontainers"
version = "2.4.0"
description = "Sorted Containers -- Sorted List, Sorted Dict, Sorted Set"
optional = false
python-versions = "*"
files = [
    {file = "sortedcontainers-2.4.0-py2.py3-none-any.whl", hash = "sha256:a163dcaede0f1c021485e957a39245190e74249897e2ae4b2aa38595db237ee0"},
    {file = "sortedcontainers-2.4.0.tar.gz", hash = "sha256:25caa5a06cc30b6b83d11423433f65d1f9d76c4c6a0c90e3379eaa43b9bfdb88"},
]

[metadata]
lock-version = "2.0"
python-versions = ">=3.11,<4.0"
content-hash = "42e306e6ee10ed1b3237af4818804b8d66329bdd3075bc32f19737803f0985d1"
